// !$*UTF8*$!
{
	archiveVersion = 1;
	classes = {
	};
	objectVersion = 46;
	objects = {

/* Begin PBXBuildFile section */
		0744837E1F698F31007F9DD9 /* AppDelegate.swift in Sources */ = {isa = PBXBuildFile; fileRef = 0744837D1F698F31007F9DD9 /* AppDelegate.swift */; };
		074483801F698F31007F9DD9 /* ViewController.swift in Sources */ = {isa = PBXBuildFile; fileRef = 0744837F1F698F31007F9DD9 /* ViewController.swift */; };
		074483831F698F31007F9DD9 /* Main.storyboard in Resources */ = {isa = PBXBuildFile; fileRef = 074483811F698F31007F9DD9 /* Main.storyboard */; };
		074483851F698F31007F9DD9 /* Assets.xcassets in Resources */ = {isa = PBXBuildFile; fileRef = 074483841F698F31007F9DD9 /* Assets.xcassets */; };
		074483881F698F31007F9DD9 /* LaunchScreen.storyboard in Resources */ = {isa = PBXBuildFile; fileRef = 074483861F698F31007F9DD9 /* LaunchScreen.storyboard */; };
/* End PBXBuildFile section */

/* Begin PBXFileReference section */
		0744837A1F698F31007F9DD9 /* SaiKaPyar Schools.app */ = {isa = PBXFileReference; explicitFileType = wrapper.application; includeInIndex = 0; path = "SaiKaPyar Schools.app"; sourceTree = BUILT_PRODUCTS_DIR; };
		0744837D1F698F31007F9DD9 /* AppDelegate.swift */ = {isa = PBXFileReference; lastKnownFileType = sourcecode.swift; path = AppDelegate.swift; sourceTree = "<group>"; };
		0744837F1F698F31007F9DD9 /* ViewController.swift */ = {isa = PBXFileReference; lastKnownFileType = sourcecode.swift; path = ViewController.swift; sourceTree = "<group>"; };
		074483821F698F31007F9DD9 /* Base */ = {isa = PBXFileReference; lastKnownFileType = file.storyboard; name = Base; path = Base.lproj/Main.storyboard; sourceTree = "<group>"; };
		074483841F698F31007F9DD9 /* Assets.xcassets */ = {isa = PBXFileReference; lastKnownFileType = folder.assetcatalog; path = Assets.xcassets; sourceTree = "<group>"; };
		074483871F698F31007F9DD9 /* Base */ = {isa = PBXFileReference; lastKnownFileType = file.storyboard; name = Base; path = Base.lproj/LaunchScreen.storyboard; sourceTree = "<group>"; };
		074483891F698F31007F9DD9 /* Info.plist */ = {isa = PBXFileReference; lastKnownFileType = text.plist.xml; path = Info.plist; sourceTree = "<group>"; };
/* End PBXFileReference section */

/* Begin PBXFrameworksBuildPhase section */
		074483771F698F31007F9DD9 /* Frameworks */ = {
			isa = PBXFrameworksBuildPhase;
			buildActionMask = 2147483647;
			files = (
			);
			runOnlyForDeploymentPostprocessing = 0;
		};
/* End PBXFrameworksBuildPhase section */

/* Begin PBXGroup section */
		074483711F698F30007F9DD9 = {
			isa = PBXGroup;
			children = (
				0744837C1F698F31007F9DD9 /* SaiKaPyar Schools */,
				0744837B1F698F31007F9DD9 /* Products */,
			);
			sourceTree = "<group>";
		};
		0744837B1F698F31007F9DD9 /* Products */ = {
			isa = PBXGroup;
			children = (
				0744837A1F698F31007F9DD9 /* SaiKaPyar Schools.app */,
			);
			name = Products;
			sourceTree = "<group>";
		};
		0744837C1F698F31007F9DD9 /* SaiKaPyar Schools */ = {
			isa = PBXGroup;
			children = (
				0744837D1F698F31007F9DD9 /* AppDelegate.swift */,
				0744837F1F698F31007F9DD9 /* ViewController.swift */,
				074483811F698F31007F9DD9 /* Main.storyboard */,
				074483841F698F31007F9DD9 /* Assets.xcassets */,
				074483861F698F31007F9DD9 /* LaunchScreen.storyboard */,
				074483891F698F31007F9DD9 /* Info.plist */,
			);
			path = "SaiKaPyar Schools";
			sourceTree = "<group>";
		};
/* End PBXGroup section */

/* Begin PBXNativeTarget section */
		074483791F698F31007F9DD9 /* SaiKaPyar Schools */ = {
			isa = PBXNativeTarget;
			buildConfigurationList = 0744838C1F698F31007F9DD9 /* Build configuration list for PBXNativeTarget "SaiKaPyar Schools" */;
			buildPhases = (
				074483761F698F31007F9DD9 /* Sources */,
				074483771F698F31007F9DD9 /* Frameworks */,
				074483781F698F31007F9DD9 /* Resources */,
			);
			buildRules = (
			);
			dependencies = (
			);
			name = "SaiKaPyar Schools";
			productName = "SaiKaPyar Schools";
			productReference = 0744837A1F698F31007F9DD9 /* SaiKaPyar Schools.app */;
			productType = "com.apple.product-type.application";
		};
/* End PBXNativeTarget section */

/* Begin PBXProject section */
		074483721F698F31007F9DD9 /* Project object */ = {
			isa = PBXProject;
			attributes = {
				LastSwiftUpdateCheck = 0830;
				LastUpgradeCheck = 0830;
				ORGANIZATIONNAME = Neeraj;
				TargetAttributes = {
					074483791F698F31007F9DD9 = {
						CreatedOnToolsVersion = 8.3.3;
						ProvisioningStyle = Automatic;
					};
				};
			};
			buildConfigurationList = 074483751F698F31007F9DD9 /* Build configuration list for PBXProject "SaiKaPyar Schools" */;
			compatibilityVersion = "Xcode 3.2";
			developmentRegion = English;
			hasScannedForEncodings = 0;
			knownRegions = (
				en,
				Base,
			);
			mainGroup = 074483711F698F30007F9DD9;
			productRefGroup = 0744837B1F698F31007F9DD9 /* Products */;
			projectDirPath = "";
			projectRoot = "";
			targets = (
				074483791F698F31007F9DD9 /* SaiKaPyar Schools */,
			);
		};
/* End PBXProject section */

/* Begin PBXResourcesBuildPhase section */
		074483781F698F31007F9DD9 /* Resources */ = {
			isa = PBXResourcesBuildPhase;
			buildActionMask = 2147483647;
			files = (
				074483881F698F31007F9DD9 /* LaunchScreen.storyboard in Resources */,
				074483851F698F31007F9DD9 /* Assets.xcassets in Resources */,
				074483831F698F31007F9DD9 /* Main.storyboard in Resources */,
			);
			runOnlyForDeploymentPostprocessing = 0;
		};
/* End PBXResourcesBuildPhase section */

/* Begin PBXSourcesBuildPhase section */
		074483761F698F31007F9DD9 /* Sources */ = {
			isa = PBXSourcesBuildPhase;
			buildActionMask = 2147483647;
			files = (
				074483801F698F31007F9DD9 /* ViewController.swift in Sources */,
				0744837E1F698F31007F9DD9 /* AppDelegate.swift in Sources */,
			);
			runOnlyForDeploymentPostprocessing = 0;
		};
/* End PBXSourcesBuildPhase section */

/* Begin PBXVariantGroup section */
		074483811F698F31007F9DD9 /* Main.storyboard */ = {
			isa = PBXVariantGroup;
			children = (
				074483821F698F31007F9DD9 /* Base */,
			);
			name = Main.storyboard;
			sourceTree = "<group>";
		};
		074483861F698F31007F9DD9 /* LaunchScreen.storyboard */ = {
			isa = PBXVariantGroup;
			children = (
				074483871F698F31007F9DD9 /* Base */,
			);
			name = LaunchScreen.storyboard;
			sourceTree = "<group>";
		};
/* End PBXVariantGroup section */

/* Begin XCBuildConfiguration section */
		0744838A1F698F31007F9DD9 /* Debug */ = {
			isa = XCBuildConfiguration;
			buildSettings = {
				ALWAYS_SEARCH_USER_PATHS = NO;
				CLANG_ANALYZER_NONNULL = YES;
				CLANG_ANALYZER_NUMBER_OBJECT_CONVERSION = YES_AGGRESSIVE;
				CLANG_CXX_LANGUAGE_STANDARD = "gnu++0x";
				CLANG_CXX_LIBRARY = "libc++";
				CLANG_ENABLE_MODULES = YES;
				CLANG_ENABLE_OBJC_ARC = YES;
				CLANG_WARN_BOOL_CONVERSION = YES;
				CLANG_WARN_CONSTANT_CONVERSION = YES;
				CLANG_WARN_DIRECT_OBJC_ISA_USAGE = YES_ERROR;
				CLANG_WARN_DOCUMENTATION_COMMENTS = YES;
				CLANG_WARN_EMPTY_BODY = YES;
				CLANG_WARN_ENUM_CONVERSION = YES;
				CLANG_WARN_INFINITE_RECURSION = YES;
				CLANG_WARN_INT_CONVERSION = YES;
				CLANG_WARN_OBJC_ROOT_CLASS = YES_ERROR;
				CLANG_WARN_SUSPICIOUS_MOVE = YES;
				CLANG_WARN_UNREACHABLE_CODE = YES;
				CLANG_WARN__DUPLICATE_METHOD_MATCH = YES;
				"CODE_SIGN_IDENTITY[sdk=iphoneos*]" = "iPhone Developer";
				COPY_PHASE_STRIP = NO;
				DEBUG_INFORMATION_FORMAT = dwarf;
				ENABLE_STRICT_OBJC_MSGSEND = YES;
				ENABLE_TESTABILITY = YES;
				GCC_C_LANGUAGE_STANDARD = gnu99;
				GCC_DYNAMIC_NO_PIC = NO;
				GCC_NO_COMMON_BLOCKS = YES;
				GCC_OPTIMIZATION_LEVEL = 0;
				GCC_PREPROCESSOR_DEFINITIONS = (
					"DEBUG=1",
					"$(inherited)",
				);
				GCC_WARN_64_TO_32_BIT_CONVERSION = YES;
				GCC_WARN_ABOUT_RETURN_TYPE = YES_ERROR;
				GCC_WARN_UNDECLARED_SELECTOR = YES;
				GCC_WARN_UNINITIALIZED_AUTOS = YES_AGGRESSIVE;
				GCC_WARN_UNUSED_FUNCTION = YES;
				GCC_WARN_UNUSED_VARIABLE = YES;
				IPHONEOS_DEPLOYMENT_TARGET = 10.3;
				MTL_ENABLE_DEBUG_INFO = YES;
				ONLY_ACTIVE_ARCH = YES;
				SDKROOT = iphoneos;
				SWIFT_ACTIVE_COMPILATION_CONDITIONS = DEBUG;
				SWIFT_OPTIMIZATION_LEVEL = "-Onone";
			};
			name = Debug;
		};
		0744838B1F698F31007F9DD9 /* Release */ = {
			isa = XCBuildConfiguration;
			buildSettings = {
				ALWAYS_SEARCH_USER_PATHS = NO;
				CLANG_ANALYZER_NONNULL = YES;
				CLANG_ANALYZER_NUMBER_OBJECT_CONVERSION = YES_AGGRESSIVE;
				CLANG_CXX_LANGUAGE_STANDARD = "gnu++0x";
				CLANG_CXX_LIBRARY = "libc++";
				CLANG_ENABLE_MODULES = YES;
				CLANG_ENABLE_OBJC_ARC = YES;
				CLANG_WARN_BOOL_CONVERSION = YES;
				CLANG_WARN_CONSTANT_CONVERSION = YES;
				CLANG_WARN_DIRECT_OBJC_ISA_USAGE = YES_ERROR;
				CLANG_WARN_DOCUMENTATION_COMMENTS = YES;
				CLANG_WARN_EMPTY_BODY = YES;
				CLANG_WARN_ENUM_CONVERSION = YES;
				CLANG_WARN_INFINITE_RECURSION = YES;
				CLANG_WARN_INT_CONVERSION = YES;
				CLANG_WARN_OBJC_ROOT_CLASS = YES_ERROR;
				CLANG_WARN_SUSPICIOUS_MOVE = YES;
				CLANG_WARN_UNREACHABLE_CODE = YES;
				CLANG_WARN__DUPLICATE_METHOD_MATCH = YES;
				"CODE_SIGN_IDENTITY[sdk=iphoneos*]" = "iPhone Developer";
				COPY_PHASE_STRIP = NO;
				DEBUG_INFORMATION_FORMAT = "dwarf-with-dsym";
				ENABLE_NS_ASSERTIONS = NO;
				ENABLE_STRICT_OBJC_MSGSEND = YES;
				GCC_C_LANGUAGE_STANDARD = gnu99;
				GCC_NO_COMMON_BLOCKS = YES;
				GCC_WARN_64_TO_32_BIT_CONVERSION = YES;
				GCC_WARN_ABOUT_RETURN_TYPE = YES_ERROR;
				GCC_WARN_UNDECLARED_SELECTOR = YES;
				GCC_WARN_UNINITIALIZED_AUTOS = YES_AGGRESSIVE;
				GCC_WARN_UNUSED_FUNCTION = YES;
				GCC_WARN_UNUSED_VARIABLE = YES;
				IPHONEOS_DEPLOYMENT_TARGET = 10.3;
				MTL_ENABLE_DEBUG_INFO = NO;
				SDKROOT = iphoneos;
				SWIFT_OPTIMIZATION_LEVEL = "-Owholemodule";
				VALIDATE_PRODUCT = YES;
			};
			name = Release;
		};
		0744838D1F698F31007F9DD9 /* Debug */ = {
			isa = XCBuildConfiguration;
			buildSettings = {
				ASSETCATALOG_COMPILER_APPICON_NAME = AppIcon;
				INFOPLIST_FILE = "SaiKaPyar Schools/Info.plist";
				LD_RUNPATH_SEARCH_PATHS = "$(inherited) @executable_path/Frameworks";
				PRODUCT_BUNDLE_IDENTIFIER = "com.SaiKaPyar-Schools";
				PRODUCT_NAME = "$(TARGET_NAME)";
				SWIFT_VERSION = 3.0;
			};
			name = Debug;
		};
		0744838E1F698F31007F9DD9 /* Release */ = {
			isa = XCBuildConfiguration;
			buildSettings = {
				ASSETCATALOG_COMPILER_APPICON_NAME = AppIcon;
				INFOPLIST_FILE = "SaiKaPyar Schools/Info.plist";
				LD_RUNPATH_SEARCH_PATHS = "$(inherited) @executable_path/Frameworks";
				PRODUCT_BUNDLE_IDENTIFIER = "com.SaiKaPyar-Schools";
				PRODUCT_NAME = "$(TARGET_NAME)";
				SWIFT_VERSION = 3.0;
			};
			name = Release;
		};
/* End XCBuildConfiguration section */

/* Begin XCConfigurationList section */
		074483751F698F31007F9DD9 /* Build configuration list for PBXProject "SaiKaPyar Schools" */ = {
			isa = XCConfigurationList;
			buildConfigurations = (
				0744838A1F698F31007F9DD9 /* Debug */,
				0744838B1F698F31007F9DD9 /* Release */,
			);
			defaultConfigurationIsVisible = 0;
			defaultConfigurationName = Release;
		};
		0744838C1F698F31007F9DD9 /* Build configuration list for PBXNativeTarget "SaiKaPyar Schools" */ = {
			isa = XCConfigurationList;
			buildConfigurations = (
				0744838D1F698F31007F9DD9 /* Debug */,
				0744838E1F698F31007F9DD9 /* Release */,
			);
			defaultConfigurationIsVisible = 0;
		};
/* End XCConfigurationList section */
	};
	rootObject = 074483721F698F31007F9DD9 /* Project object */;
}
