// !$*UTF8*$!
{
	archiveVersion = 1;
	classes = {
	};
	objectVersion = 46;
	objects = {

/* Begin PBXBuildFile section */
		071B54DF1F6AE05200B9E13F /* HomeViewController.swift in Sources */ = {isa = PBXBuildFile; fileRef = 071B54DE1F6AE05200B9E13F /* HomeViewController.swift */; };
		071B54E31F6AEEC600B9E13F /* SlideMenu.swift in Sources */ = {isa = PBXBuildFile; fileRef = 071B54E21F6AEEC600B9E13F /* SlideMenu.swift */; };
		0721496F1F7236CD00F35641 /* mView.xib in Resources */ = {isa = PBXBuildFile; fileRef = 0721496E1F7236CC00F35641 /* mView.xib */; };
		0724471A1F7CB5E400DA10A0 /* customCell.swift in Sources */ = {isa = PBXBuildFile; fileRef = 072447191F7CB5E400DA10A0 /* customCell.swift */; };
		072AA9411F73B37B003B1B9E /* TrainerViewController.swift in Sources */ = {isa = PBXBuildFile; fileRef = 072AA9401F73B37B003B1B9E /* TrainerViewController.swift */; };
		072BB4821F763CAF001E0959 /* Main.storyboard in Resources */ = {isa = PBXBuildFile; fileRef = 072BB4801F763CAF001E0959 /* Main.storyboard */; };
		0731D5891F73879700684D55 /* mView.swift in Sources */ = {isa = PBXBuildFile; fileRef = 0731D5881F73879700684D55 /* mView.swift */; };
		0732FE331F74D898002971D3 /* AboutViewController.swift in Sources */ = {isa = PBXBuildFile; fileRef = 076CF13F1F71166B0089D8D0 /* AboutViewController.swift */; };
		0732FE351F74E033002971D3 /* MotivateViewController.swift in Sources */ = {isa = PBXBuildFile; fileRef = 0732FE341F74E033002971D3 /* MotivateViewController.swift */; };
		0744837E1F698F31007F9DD9 /* AppDelegate.swift in Sources */ = {isa = PBXBuildFile; fileRef = 0744837D1F698F31007F9DD9 /* AppDelegate.swift */; };
		074483851F698F31007F9DD9 /* Assets.xcassets in Resources */ = {isa = PBXBuildFile; fileRef = 074483841F698F31007F9DD9 /* Assets.xcassets */; };
		074483881F698F31007F9DD9 /* LaunchScreen.storyboard in Resources */ = {isa = PBXBuildFile; fileRef = 074483861F698F31007F9DD9 /* LaunchScreen.storyboard */; };
		0757D5061F7A186500BEBC88 /* AbstractViewController.swift in Sources */ = {isa = PBXBuildFile; fileRef = 0757D5051F7A186500BEBC88 /* AbstractViewController.swift */; };
		0757D50A1F7A22F100BEBC88 /* TopMenuView.swift in Sources */ = {isa = PBXBuildFile; fileRef = 0757D5091F7A22F100BEBC88 /* TopMenuView.swift */; };
		076537BD1F860DAE00FC8135 /* TextFieldsSupporting.swift in Sources */ = {isa = PBXBuildFile; fileRef = 076537BC1F860DAE00FC8135 /* TextFieldsSupporting.swift */; };
		0778144C1F7BA4B3004A7725 /* TopMenuView.xib in Resources */ = {isa = PBXBuildFile; fileRef = 0778144B1F7BA4B3004A7725 /* TopMenuView.xib */; };
		07ABDEC81F8390D500AA1316 /* GetInvolveViewController.swift in Sources */ = {isa = PBXBuildFile; fileRef = 07ABDEC71F8390D500AA1316 /* GetInvolveViewController.swift */; };
		07ABDECA1F83AEF200AA1316 /* CustomTableCells.swift in Sources */ = {isa = PBXBuildFile; fileRef = 07ABDEC91F83AEF200AA1316 /* CustomTableCells.swift */; };
		2B29478D07F6E5900855F09C /* Pods_SaiKaPyar_Schools.framework in Frameworks */ = {isa = PBXBuildFile; fileRef = AD7F0AF82D7E220D9E69515B /* Pods_SaiKaPyar_Schools.framework */; };
/* End PBXBuildFile section */

/* Begin PBXFileReference section */
		071B54DE1F6AE05200B9E13F /* HomeViewController.swift */ = {isa = PBXFileReference; fileEncoding = 4; lastKnownFileType = sourcecode.swift; path = HomeViewController.swift; sourceTree = "<group>"; };
		071B54E21F6AEEC600B9E13F /* SlideMenu.swift */ = {isa = PBXFileReference; fileEncoding = 4; lastKnownFileType = sourcecode.swift; path = SlideMenu.swift; sourceTree = "<group>"; };
		0721496E1F7236CC00F35641 /* mView.xib */ = {isa = PBXFileReference; fileEncoding = 4; lastKnownFileType = file.xib; path = mView.xib; sourceTree = "<group>"; };
		072447191F7CB5E400DA10A0 /* customCell.swift */ = {isa = PBXFileReference; fileEncoding = 4; lastKnownFileType = sourcecode.swift; path = customCell.swift; sourceTree = "<group>"; };
		072AA9401F73B37B003B1B9E /* TrainerViewController.swift */ = {isa = PBXFileReference; fileEncoding = 4; lastKnownFileType = sourcecode.swift; path = TrainerViewController.swift; sourceTree = "<group>"; };
		072BB4811F763CAF001E0959 /* Base */ = {isa = PBXFileReference; lastKnownFileType = file.storyboard; name = Base; path = Base.lproj/Main.storyboard; sourceTree = "<group>"; };
		0731D5881F73879700684D55 /* mView.swift */ = {isa = PBXFileReference; fileEncoding = 4; lastKnownFileType = sourcecode.swift; path = mView.swift; sourceTree = "<group>"; };
		0732FE341F74E033002971D3 /* MotivateViewController.swift */ = {isa = PBXFileReference; fileEncoding = 4; lastKnownFileType = sourcecode.swift; path = MotivateViewController.swift; sourceTree = "<group>"; };
		0744837A1F698F31007F9DD9 /* SaiKaPyar Schools.app */ = {isa = PBXFileReference; explicitFileType = wrapper.application; includeInIndex = 0; path = "SaiKaPyar Schools.app"; sourceTree = BUILT_PRODUCTS_DIR; };
		0744837D1F698F31007F9DD9 /* AppDelegate.swift */ = {isa = PBXFileReference; lastKnownFileType = sourcecode.swift; path = AppDelegate.swift; sourceTree = "<group>"; };
		074483841F698F31007F9DD9 /* Assets.xcassets */ = {isa = PBXFileReference; lastKnownFileType = folder.assetcatalog; path = Assets.xcassets; sourceTree = "<group>"; };
		074483871F698F31007F9DD9 /* Base */ = {isa = PBXFileReference; lastKnownFileType = file.storyboard; name = Base; path = Base.lproj/LaunchScreen.storyboard; sourceTree = "<group>"; };
		074483891F698F31007F9DD9 /* Info.plist */ = {isa = PBXFileReference; lastKnownFileType = text.plist.xml; path = Info.plist; sourceTree = "<group>"; };
		0757D5051F7A186500BEBC88 /* AbstractViewController.swift */ = {isa = PBXFileReference; fileEncoding = 4; lastKnownFileType = sourcecode.swift; path = AbstractViewController.swift; sourceTree = "<group>"; };
		0757D5091F7A22F100BEBC88 /* TopMenuView.swift */ = {isa = PBXFileReference; fileEncoding = 4; lastKnownFileType = sourcecode.swift; path = TopMenuView.swift; sourceTree = "<group>"; };
		076537BC1F860DAE00FC8135 /* TextFieldsSupporting.swift */ = {isa = PBXFileReference; fileEncoding = 4; lastKnownFileType = sourcecode.swift; path = TextFieldsSupporting.swift; sourceTree = "<group>"; };
		076CF13F1F71166B0089D8D0 /* AboutViewController.swift */ = {isa = PBXFileReference; fileEncoding = 4; lastKnownFileType = sourcecode.swift; path = AboutViewController.swift; sourceTree = "<group>"; };
		0778144B1F7BA4B3004A7725 /* TopMenuView.xib */ = {isa = PBXFileReference; fileEncoding = 4; lastKnownFileType = file.xib; path = TopMenuView.xib; sourceTree = "<group>"; };
		07ABDEC71F8390D500AA1316 /* GetInvolveViewController.swift */ = {isa = PBXFileReference; fileEncoding = 4; lastKnownFileType = sourcecode.swift; path = GetInvolveViewController.swift; sourceTree = "<group>"; };
		07ABDEC91F83AEF200AA1316 /* CustomTableCells.swift */ = {isa = PBXFileReference; fileEncoding = 4; lastKnownFileType = sourcecode.swift; path = CustomTableCells.swift; sourceTree = "<group>"; };
		95C94E1B969A6242E295F78A /* Pods-SaiKaPyar Schools.debug.xcconfig */ = {isa = PBXFileReference; includeInIndex = 1; lastKnownFileType = text.xcconfig; name = "Pods-SaiKaPyar Schools.debug.xcconfig"; path = "Pods/Target Support Files/Pods-SaiKaPyar Schools/Pods-SaiKaPyar Schools.debug.xcconfig"; sourceTree = "<group>"; };
		AD7F0AF82D7E220D9E69515B /* Pods_SaiKaPyar_Schools.framework */ = {isa = PBXFileReference; explicitFileType = wrapper.framework; includeInIndex = 0; path = Pods_SaiKaPyar_Schools.framework; sourceTree = BUILT_PRODUCTS_DIR; };
		CD792F38FB5AE91161C694FE /* Pods-SaiKaPyar Schools.release.xcconfig */ = {isa = PBXFileReference; includeInIndex = 1; lastKnownFileType = text.xcconfig; name = "Pods-SaiKaPyar Schools.release.xcconfig"; path = "Pods/Target Support Files/Pods-SaiKaPyar Schools/Pods-SaiKaPyar Schools.release.xcconfig"; sourceTree = "<group>"; };
/* End PBXFileReference section */

/* Begin PBXFrameworksBuildPhase section */
		074483771F698F31007F9DD9 /* Frameworks */ = {
			isa = PBXFrameworksBuildPhase;
			buildActionMask = 2147483647;
			files = (
				2B29478D07F6E5900855F09C /* Pods_SaiKaPyar_Schools.framework in Frameworks */,
			);
			runOnlyForDeploymentPostprocessing = 0;
		};
/* End PBXFrameworksBuildPhase section */

/* Begin PBXGroup section */
		074483711F698F30007F9DD9 = {
			isa = PBXGroup;
			children = (
				0744837C1F698F31007F9DD9 /* SaiKaPyar Schools */,
				0744837B1F698F31007F9DD9 /* Products */,
				F93803D5F7957B99C4CC397F /* Pods */,
				7ECD6BE2835E6C58D33365F6 /* Frameworks */,
			);
			sourceTree = "<group>";
		};
		0744837B1F698F31007F9DD9 /* Products */ = {
			isa = PBXGroup;
			children = (
				0744837A1F698F31007F9DD9 /* SaiKaPyar Schools.app */,
			);
			name = Products;
			sourceTree = "<group>";
		};
		0744837C1F698F31007F9DD9 /* SaiKaPyar Schools */ = {
			isa = PBXGroup;
			children = (
				076CF1451F7126AF0089D8D0 /* Supported Files */,
				076CF1441F7126930089D8D0 /* View */,
				076CF1431F7126810089D8D0 /* Model */,
				076CF1411F7126520089D8D0 /* Controllers */,
			);
			path = "SaiKaPyar Schools";
			sourceTree = "<group>";
		};
		076CF1411F7126520089D8D0 /* Controllers */ = {
			isa = PBXGroup;
			children = (
				0744837D1F698F31007F9DD9 /* AppDelegate.swift */,
				076CF13F1F71166B0089D8D0 /* AboutViewController.swift */,
				071B54DE1F6AE05200B9E13F /* HomeViewController.swift */,
				072447191F7CB5E400DA10A0 /* customCell.swift */,
				07ABDEC91F83AEF200AA1316 /* CustomTableCells.swift */,
				072AA9401F73B37B003B1B9E /* TrainerViewController.swift */,
				0732FE341F74E033002971D3 /* MotivateViewController.swift */,
				07ABDEC71F8390D500AA1316 /* GetInvolveViewController.swift */,
			);
			name = Controllers;
			sourceTree = "<group>";
		};
		076CF1431F7126810089D8D0 /* Model */ = {
			isa = PBXGroup;
			children = (
			);
			name = Model;
			sourceTree = "<group>";
		};
		076CF1441F7126930089D8D0 /* View */ = {
			isa = PBXGroup;
			children = (
				072BB4801F763CAF001E0959 /* Main.storyboard */,
				074483841F698F31007F9DD9 /* Assets.xcassets */,
				074483861F698F31007F9DD9 /* LaunchScreen.storyboard */,
				0721496E1F7236CC00F35641 /* mView.xib */,
				0778144B1F7BA4B3004A7725 /* TopMenuView.xib */,
			);
			name = View;
			sourceTree = "<group>";
		};
		076CF1451F7126AF0089D8D0 /* Supported Files */ = {
			isa = PBXGroup;
			children = (
				074483891F698F31007F9DD9 /* Info.plist */,
				071B54E21F6AEEC600B9E13F /* SlideMenu.swift */,
				0731D5881F73879700684D55 /* mView.swift */,
				0757D5091F7A22F100BEBC88 /* TopMenuView.swift */,
				0757D5051F7A186500BEBC88 /* AbstractViewController.swift */,
				076537BC1F860DAE00FC8135 /* TextFieldsSupporting.swift */,
			);
			name = "Supported Files";
			sourceTree = "<group>";
		};
		7ECD6BE2835E6C58D33365F6 /* Frameworks */ = {
			isa = PBXGroup;
			children = (
				AD7F0AF82D7E220D9E69515B /* Pods_SaiKaPyar_Schools.framework */,
			);
			name = Frameworks;
			sourceTree = "<group>";
		};
		F93803D5F7957B99C4CC397F /* Pods */ = {
			isa = PBXGroup;
			children = (
				95C94E1B969A6242E295F78A /* Pods-SaiKaPyar Schools.debug.xcconfig */,
				CD792F38FB5AE91161C694FE /* Pods-SaiKaPyar Schools.release.xcconfig */,
			);
			name = Pods;
			sourceTree = "<group>";
		};
/* End PBXGroup section */

/* Begin PBXNativeTarget section */
		074483791F698F31007F9DD9 /* SaiKaPyar Schools */ = {
			isa = PBXNativeTarget;
			buildConfigurationList = 0744838C1F698F31007F9DD9 /* Build configuration list for PBXNativeTarget "SaiKaPyar Schools" */;
			buildPhases = (
				CE8D953A20FE6F8BFFB734D6 /* [CP] Check Pods Manifest.lock */,
				074483761F698F31007F9DD9 /* Sources */,
				074483771F698F31007F9DD9 /* Frameworks */,
				074483781F698F31007F9DD9 /* Resources */,
				D8281D6C6E518800A7019554 /* [CP] Embed Pods Frameworks */,
				C83486F0AA40AC9A4C9CB5AD /* [CP] Copy Pods Resources */,
			);
			buildRules = (
			);
			dependencies = (
			);
			name = "SaiKaPyar Schools";
			productName = "SaiKaPyar Schools";
			productReference = 0744837A1F698F31007F9DD9 /* SaiKaPyar Schools.app */;
			productType = "com.apple.product-type.application";
		};
/* End PBXNativeTarget section */

/* Begin PBXProject section */
		074483721F698F31007F9DD9 /* Project object */ = {
			isa = PBXProject;
			attributes = {
				LastSwiftUpdateCheck = 0830;
				LastUpgradeCheck = 0830;
				ORGANIZATIONNAME = Neeraj;
				TargetAttributes = {
					074483791F698F31007F9DD9 = {
						CreatedOnToolsVersion = 8.3.3;
						DevelopmentTeam = YJ8NAZPVKZ;
						ProvisioningStyle = Automatic;
					};
				};
			};
			buildConfigurationList = 074483751F698F31007F9DD9 /* Build configuration list for PBXProject "SaiKaPyar Schools" */;
			compatibilityVersion = "Xcode 3.2";
			developmentRegion = English;
			hasScannedForEncodings = 0;
			knownRegions = (
				en,
				Base,
			);
			mainGroup = 074483711F698F30007F9DD9;
			productRefGroup = 0744837B1F698F31007F9DD9 /* Products */;
			projectDirPath = "";
			projectRoot = "";
			targets = (
				074483791F698F31007F9DD9 /* SaiKaPyar Schools */,
			);
		};
/* End PBXProject section */

/* Begin PBXResourcesBuildPhase section */
		074483781F698F31007F9DD9 /* Resources */ = {
			isa = PBXResourcesBuildPhase;
			buildActionMask = 2147483647;
			files = (
				0721496F1F7236CD00F35641 /* mView.xib in Resources */,
				074483881F698F31007F9DD9 /* LaunchScreen.storyboard in Resources */,
				074483851F698F31007F9DD9 /* Assets.xcassets in Resources */,
				072BB4821F763CAF001E0959 /* Main.storyboard in Resources */,
				0778144C1F7BA4B3004A7725 /* TopMenuView.xib in Resources */,
			);
			runOnlyForDeploymentPostprocessing = 0;
		};
/* End PBXResourcesBuildPhase section */

/* Begin PBXShellScriptBuildPhase section */
		C83486F0AA40AC9A4C9CB5AD /* [CP] Copy Pods Resources */ = {
			isa = PBXShellScriptBuildPhase;
			buildActionMask = 2147483647;
			files = (
			);
			inputPaths = (
			);
			name = "[CP] Copy Pods Resources";
			outputPaths = (
			);
			runOnlyForDeploymentPostprocessing = 0;
			shellPath = /bin/sh;
			shellScript = "\"${SRCROOT}/Pods/Target Support Files/Pods-SaiKaPyar Schools/Pods-SaiKaPyar Schools-resources.sh\"\n";
			showEnvVarsInLog = 0;
		};
		CE8D953A20FE6F8BFFB734D6 /* [CP] Check Pods Manifest.lock */ = {
			isa = PBXShellScriptBuildPhase;
			buildActionMask = 2147483647;
			files = (
			);
			inputPaths = (
				"${PODS_PODFILE_DIR_PATH}/Podfile.lock",
				"${PODS_ROOT}/Manifest.lock",
			);
			name = "[CP] Check Pods Manifest.lock";
			outputPaths = (
				"$(DERIVED_FILE_DIR)/Pods-SaiKaPyar Schools-checkManifestLockResult.txt",
			);
			runOnlyForDeploymentPostprocessing = 0;
			shellPath = /bin/sh;
			shellScript = "diff \"${PODS_PODFILE_DIR_PATH}/Podfile.lock\" \"${PODS_ROOT}/Manifest.lock\" > /dev/null\nif [ $? != 0 ] ; then\n    # print error to STDERR\n    echo \"error: The sandbox is not in sync with the Podfile.lock. Run 'pod install' or update your CocoaPods installation.\" >&2\n    exit 1\nfi\n# This output is used by Xcode 'outputs' to avoid re-running this script phase.\necho \"SUCCESS\" > \"${SCRIPT_OUTPUT_FILE_0}\"\n";
			showEnvVarsInLog = 0;
		};
		D8281D6C6E518800A7019554 /* [CP] Embed Pods Frameworks */ = {
			isa = PBXShellScriptBuildPhase;
			buildActionMask = 2147483647;
			files = (
			);
			inputPaths = (
				"${SRCROOT}/Pods/Target Support Files/Pods-SaiKaPyar Schools/Pods-SaiKaPyar Schools-frameworks.sh",
				"${BUILT_PRODUCTS_DIR}/Alamofire/Alamofire.framework",
			);
			name = "[CP] Embed Pods Frameworks";
			outputPaths = (
				"${TARGET_BUILD_DIR}/${FRAMEWORKS_FOLDER_PATH}/Alamofire.framework",
			);
			runOnlyForDeploymentPostprocessing = 0;
			shellPath = /bin/sh;
			shellScript = "\"${SRCROOT}/Pods/Target Support Files/Pods-SaiKaPyar Schools/Pods-SaiKaPyar Schools-frameworks.sh\"\n";
			showEnvVarsInLog = 0;
		};
/* End PBXShellScriptBuildPhase section */

/* Begin PBXSourcesBuildPhase section */
		074483761F698F31007F9DD9 /* Sources */ = {
			isa = PBXSourcesBuildPhase;
			buildActionMask = 2147483647;
			files = (
				0724471A1F7CB5E400DA10A0 /* customCell.swift in Sources */,
				076537BD1F860DAE00FC8135 /* TextFieldsSupporting.swift in Sources */,
				071B54E31F6AEEC600B9E13F /* SlideMenu.swift in Sources */,
				07ABDECA1F83AEF200AA1316 /* CustomTableCells.swift in Sources */,
				0744837E1F698F31007F9DD9 /* AppDelegate.swift in Sources */,
				0731D5891F73879700684D55 /* mView.swift in Sources */,
				0757D50A1F7A22F100BEBC88 /* TopMenuView.swift in Sources */,
				0732FE351F74E033002971D3 /* MotivateViewController.swift in Sources */,
				072AA9411F73B37B003B1B9E /* TrainerViewController.swift in Sources */,
				0757D5061F7A186500BEBC88 /* AbstractViewController.swift in Sources */,
				0732FE331F74D898002971D3 /* AboutViewController.swift in Sources */,
				071B54DF1F6AE05200B9E13F /* HomeViewController.swift in Sources */,
				07ABDEC81F8390D500AA1316 /* GetInvolveViewController.swift in Sources */,
			);
			runOnlyForDeploymentPostprocessing = 0;
		};
/* End PBXSourcesBuildPhase section */

/* Begin PBXVariantGroup section */
		072BB4801F763CAF001E0959 /* Main.storyboard */ = {
			isa = PBXVariantGroup;
			children = (
				072BB4811F763CAF001E0959 /* Base */,
			);
			name = Main.storyboard;
			sourceTree = "<group>";
		};
		074483861F698F31007F9DD9 /* LaunchScreen.storyboard */ = {
			isa = PBXVariantGroup;
			children = (
				074483871F698F31007F9DD9 /* Base */,
			);
			name = LaunchScreen.storyboard;
			sourceTree = "<group>";
		};
/* End PBXVariantGroup section */

/* Begin XCBuildConfiguration section */
		0744838A1F698F31007F9DD9 /* Debug */ = {
			isa = XCBuildConfiguration;
			buildSettings = {
				ALWAYS_SEARCH_USER_PATHS = NO;
				CLANG_ANALYZER_NONNULL = YES;
				CLANG_ANALYZER_NUMBER_OBJECT_CONVERSION = YES_AGGRESSIVE;
				CLANG_CXX_LANGUAGE_STANDARD = "gnu++0x";
				CLANG_CXX_LIBRARY = "libc++";
				CLANG_ENABLE_MODULES = YES;
				CLANG_ENABLE_OBJC_ARC = YES;
				CLANG_WARN_BOOL_CONVERSION = YES;
				CLANG_WARN_CONSTANT_CONVERSION = YES;
				CLANG_WARN_DIRECT_OBJC_ISA_USAGE = YES_ERROR;
				CLANG_WARN_DOCUMENTATION_COMMENTS = YES;
				CLANG_WARN_EMPTY_BODY = YES;
				CLANG_WARN_ENUM_CONVERSION = YES;
				CLANG_WARN_INFINITE_RECURSION = YES;
				CLANG_WARN_INT_CONVERSION = YES;
				CLANG_WARN_OBJC_ROOT_CLASS = YES_ERROR;
				CLANG_WARN_SUSPICIOUS_MOVE = YES;
				CLANG_WARN_UNREACHABLE_CODE = YES;
				CLANG_WARN__DUPLICATE_METHOD_MATCH = YES;
				"CODE_SIGN_IDENTITY[sdk=iphoneos*]" = "iPhone Developer";
				COPY_PHASE_STRIP = NO;
				DEBUG_INFORMATION_FORMAT = dwarf;
				ENABLE_STRICT_OBJC_MSGSEND = YES;
				ENABLE_TESTABILITY = YES;
				GCC_C_LANGUAGE_STANDARD = gnu99;
				GCC_DYNAMIC_NO_PIC = NO;
				GCC_NO_COMMON_BLOCKS = YES;
				GCC_OPTIMIZATION_LEVEL = 0;
				GCC_PREPROCESSOR_DEFINITIONS = (
					"DEBUG=1",
					"$(inherited)",
				);
				GCC_WARN_64_TO_32_BIT_CONVERSION = YES;
				GCC_WARN_ABOUT_RETURN_TYPE = YES_ERROR;
				GCC_WARN_UNDECLARED_SELECTOR = YES;
				GCC_WARN_UNINITIALIZED_AUTOS = YES_AGGRESSIVE;
				GCC_WARN_UNUSED_FUNCTION = YES;
				GCC_WARN_UNUSED_VARIABLE = YES;
				IPHONEOS_DEPLOYMENT_TARGET = 10.3;
				MTL_ENABLE_DEBUG_INFO = YES;
				ONLY_ACTIVE_ARCH = YES;
				SDKROOT = iphoneos;
				SWIFT_ACTIVE_COMPILATION_CONDITIONS = DEBUG;
				SWIFT_OPTIMIZATION_LEVEL = "-Onone";
			};
			name = Debug;
		};
		0744838B1F698F31007F9DD9 /* Release */ = {
			isa = XCBuildConfiguration;
			buildSettings = {
				ALWAYS_SEARCH_USER_PATHS = NO;
				CLANG_ANALYZER_NONNULL = YES;
				CLANG_ANALYZER_NUMBER_OBJECT_CONVERSION = YES_AGGRESSIVE;
				CLANG_CXX_LANGUAGE_STANDARD = "gnu++0x";
				CLANG_CXX_LIBRARY = "libc++";
				CLANG_ENABLE_MODULES = YES;
				CLANG_ENABLE_OBJC_ARC = YES;
				CLANG_WARN_BOOL_CONVERSION = YES;
				CLANG_WARN_CONSTANT_CONVERSION = YES;
				CLANG_WARN_DIRECT_OBJC_ISA_USAGE = YES_ERROR;
				CLANG_WARN_DOCUMENTATION_COMMENTS = YES;
				CLANG_WARN_EMPTY_BODY = YES;
				CLANG_WARN_ENUM_CONVERSION = YES;
				CLANG_WARN_INFINITE_RECURSION = YES;
				CLANG_WARN_INT_CONVERSION = YES;
				CLANG_WARN_OBJC_ROOT_CLASS = YES_ERROR;
				CLANG_WARN_SUSPICIOUS_MOVE = YES;
				CLANG_WARN_UNREACHABLE_CODE = YES;
				CLANG_WARN__DUPLICATE_METHOD_MATCH = YES;
				"CODE_SIGN_IDENTITY[sdk=iphoneos*]" = "iPhone Developer";
				COPY_PHASE_STRIP = NO;
				DEBUG_INFORMATION_FORMAT = "dwarf-with-dsym";
				ENABLE_NS_ASSERTIONS = NO;
				ENABLE_STRICT_OBJC_MSGSEND = YES;
				GCC_C_LANGUAGE_STANDARD = gnu99;
				GCC_NO_COMMON_BLOCKS = YES;
				GCC_WARN_64_TO_32_BIT_CONVERSION = YES;
				GCC_WARN_ABOUT_RETURN_TYPE = YES_ERROR;
				GCC_WARN_UNDECLARED_SELECTOR = YES;
				GCC_WARN_UNINITIALIZED_AUTOS = YES_AGGRESSIVE;
				GCC_WARN_UNUSED_FUNCTION = YES;
				GCC_WARN_UNUSED_VARIABLE = YES;
				IPHONEOS_DEPLOYMENT_TARGET = 10.3;
				MTL_ENABLE_DEBUG_INFO = NO;
				SDKROOT = iphoneos;
				SWIFT_OPTIMIZATION_LEVEL = "-Owholemodule";
				VALIDATE_PRODUCT = YES;
			};
			name = Release;
		};
		0744838D1F698F31007F9DD9 /* Debug */ = {
			isa = XCBuildConfiguration;
			baseConfigurationReference = 95C94E1B969A6242E295F78A /* Pods-SaiKaPyar Schools.debug.xcconfig */;
			buildSettings = {
				ASSETCATALOG_COMPILER_APPICON_NAME = AppIcon;
				DEVELOPMENT_TEAM = YJ8NAZPVKZ;
				INFOPLIST_FILE = "SaiKaPyar Schools/Info.plist";
				LD_RUNPATH_SEARCH_PATHS = "$(inherited) @executable_path/Frameworks";
				PRODUCT_BUNDLE_IDENTIFIER = "com.SaiKaPyar-Schools";
				PRODUCT_NAME = "$(TARGET_NAME)";
				SWIFT_VERSION = 3.0;
			};
			name = Debug;
		};
		0744838E1F698F31007F9DD9 /* Release */ = {
			isa = XCBuildConfiguration;
			baseConfigurationReference = CD792F38FB5AE91161C694FE /* Pods-SaiKaPyar Schools.release.xcconfig */;
			buildSettings = {
				ASSETCATALOG_COMPILER_APPICON_NAME = AppIcon;
				DEVELOPMENT_TEAM = YJ8NAZPVKZ;
				INFOPLIST_FILE = "SaiKaPyar Schools/Info.plist";
				LD_RUNPATH_SEARCH_PATHS = "$(inherited) @executable_path/Frameworks";
				PRODUCT_BUNDLE_IDENTIFIER = "com.SaiKaPyar-Schools";
				PRODUCT_NAME = "$(TARGET_NAME)";
				SWIFT_VERSION = 3.0;
			};
			name = Release;
		};
/* End XCBuildConfiguration section */

/* Begin XCConfigurationList section */
		074483751F698F31007F9DD9 /* Build configuration list for PBXProject "SaiKaPyar Schools" */ = {
			isa = XCConfigurationList;
			buildConfigurations = (
				0744838A1F698F31007F9DD9 /* Debug */,
				0744838B1F698F31007F9DD9 /* Release */,
			);
			defaultConfigurationIsVisible = 0;
			defaultConfigurationName = Release;
		};
		0744838C1F698F31007F9DD9 /* Build configuration list for PBXNativeTarget "SaiKaPyar Schools" */ = {
			isa = XCConfigurationList;
			buildConfigurations = (
				0744838D1F698F31007F9DD9 /* Debug */,
				0744838E1F698F31007F9DD9 /* Release */,
			);
			defaultConfigurationIsVisible = 0;
			defaultConfigurationName = Release;
		};
/* End XCConfigurationList section */
	};
	rootObject = 074483721F698F31007F9DD9 /* Project object */;
}
